
Microsoft Visual Studio Solution File, Format Version 12.00
# Visual Studio Version 17
VisualStudioVersion = 17.13.35806.99 d17.13
MinimumVisualStudioVersion = 10.0.40219.1
Project("{FAE04EC0-301F-11D3-BF4B-00C04F79EFBC}") = "ShallowVsDeepCopy", "ShallowVsDeepCopy.csproj", "{65EBCEE6-F8C7-47FF-BB2D-8D584F6AC7B6}"
EndProject
Global
	GlobalSection(SolutionConfigurationPlatforms) = preSolution
		Debug|Any CPU = Debug|Any CPU
		Release|Any CPU = Release|Any CPU
	EndGlobalSection
	GlobalSection(ProjectConfigurationPlatforms) = postSolution
		{65EBCEE6-F8C7-47FF-BB2D-8D584F6AC7B6}.Debug|Any CPU.ActiveCfg = Debug|Any CPU
		{65EBCEE6-F8C7-47FF-BB2D-8D584F6AC7B6}.Debug|Any CPU.Build.0 = Debug|Any CPU
		{65EBCEE6-F8C7-47FF-BB2D-8D584F6AC7B6}.Release|Any CPU.ActiveCfg = Release|Any CPU
		{65EBCEE6-F8C7-47FF-BB2D-8D584F6AC7B6}.Release|Any CPU.Build.0 = Release|Any CPU
	EndGlobalSection
	GlobalSection(SolutionProperties) = preSolution
		HideSolutionNode = FALSE
	EndGlobalSection
	GlobalSection(ExtensibilityGlobals) = postSolution
		SolutionGuid = {832CE416-191B-43CA-84B9-DAA067CD0B86}
	EndGlobalSection
EndGlobal
