
Microsoft Visual Studio Solution File, Format Version 12.00
# Visual Studio Version 17
VisualStudioVersion = 17.13.35806.99 d17.13
MinimumVisualStudioVersion = 10.0.40219.1
Project("{FAE04EC0-301F-11D3-BF4B-00C04F79EFBC}") = "VehicleSystem", "VehicleSystem.csproj", "{C7F7608E-5E97-41A4-818C-F1A39D692F16}"
EndProject
Global
	GlobalSection(SolutionConfigurationPlatforms) = preSolution
		Debug|Any CPU = Debug|Any CPU
		Release|Any CPU = Release|Any CPU
	EndGlobalSection
	GlobalSection(ProjectConfigurationPlatforms) = postSolution
		{C7F7608E-5E97-41A4-818C-F1A39D692F16}.Debug|Any CPU.ActiveCfg = Debug|Any CPU
		{C7F7608E-5E97-41A4-818C-F1A39D692F16}.Debug|Any CPU.Build.0 = Debug|Any CPU
		{C7F7608E-5E97-41A4-818C-F1A39D692F16}.Release|Any CPU.ActiveCfg = Release|Any CPU
		{C7F7608E-5E97-41A4-818C-F1A39D692F16}.Release|Any CPU.Build.0 = Release|Any CPU
	EndGlobalSection
	GlobalSection(SolutionProperties) = preSolution
		HideSolutionNode = FALSE
	EndGlobalSection
	GlobalSection(ExtensibilityGlobals) = postSolution
		SolutionGuid = {3FE8D877-83B7-4640-A864-A2B793F9C606}
	EndGlobalSection
EndGlobal
